<?xml version="1.0" encoding="utf-8"?>
<Project ToolsVersion="16.0" xmlns="http://schemas.microsoft.com/developer/msbuild/2003">
  <ItemGroup>
    <CustomBuild Include="D:\c++\game\game\CMakeFiles\814ff74eefe3e375b8380bab08c9feb6\generate.stamp.rule">
      <Filter>CMake Rules</Filter>
    </CustomBuild>
  </ItemGroup>
  <ItemGroup>
    <Filter Include="CMake Rules">
      <UniqueIdentifier>{2B3185B5-CF39-38C3-8FBB-E0163D6A5780}</UniqueIdentifier>
    </Filter>
  </ItemGroup>
</Project>
